
Microsoft Visual Studio Solution File, Format Version 12.00
# Visual Studio 15
VisualStudioVersion = 15.0.28307.489
MinimumVisualStudioVersion = 10.0.40219.1
Project("{FAE04EC0-301F-11D3-BF4B-00C04F79EFBC}") = "IshchenkoKMAPractice4", "IshchenkoKMAPractice4\IshchenkoKMAPractice4.csproj", "{281AF1C6-697B-4C9F-AEB4-5CCB36F989F3}"
EndProject
Global
	GlobalSection(SolutionConfigurationPlatforms) = preSolution
		Debug|Any CPU = Debug|Any CPU
		Release|Any CPU = Release|Any CPU
	EndGlobalSection
	GlobalSection(ProjectConfigurationPlatforms) = postSolution
		{281AF1C6-697B-4C9F-AEB4-5CCB36F989F3}.Debug|Any CPU.ActiveCfg = Debug|Any CPU
		{281AF1C6-697B-4C9F-AEB4-5CCB36F989F3}.Debug|Any CPU.Build.0 = Debug|Any CPU
		{281AF1C6-697B-4C9F-AEB4-5CCB36F989F3}.Release|Any CPU.ActiveCfg = Release|Any CPU
		{281AF1C6-697B-4C9F-AEB4-5CCB36F989F3}.Release|Any CPU.Build.0 = Release|Any CPU
	EndGlobalSection
	GlobalSection(SolutionProperties) = preSolution
		HideSolutionNode = FALSE
	EndGlobalSection
	GlobalSection(ExtensibilityGlobals) = postSolution
		SolutionGuid = {C4480A0C-C046-4A29-A3A5-FBFB07214EDB}
	EndGlobalSection
EndGlobal
